lockfileVersion: '9.0'

settings:
  autoInstallPeers: true
  excludeLinksFromLockfile: false

importers:

  .:
    dependencies:
      xdrs-core:
        specifier: file:../dist/xdrs-core-0.0.1.tgz
        version: file:../dist/xdrs-core-0.0.1.tgz

packages:

  balanced-match@4.0.4:
    resolution: {integrity: sha512-BLrgEcRTwX2o6gGxGOCNyMvGSp35YofuYzw9h1IMTRmKqttAZZVU67bdb9Pr2vUHA8+j3i2tJfjO6C6+4myGTA==}
    engines: {node: 18 || 20 || >=22}

  brace-expansion@5.0.4:
    resolution: {integrity: sha512-h+DEnpVvxmfVefa4jFbCf5HdH5YMDXRsmKflpf1pILZWRFlTbJpxeU55nJl4Smt5HQaGzg1o6RHFPJaOqnmBDg==}
    engines: {node: 18 || 20 || >=22}

  ignore@7.0.5:
    resolution: {integrity: sha512-Hs59xBNfUIunMFgWAbGX5cq6893IbWg4KnrjbYwX3tx0ztorVgTDA6B2sxf8ejHJ4wz8BqGUMYlnzNBer5NvGg==}
    engines: {node: '>= 4'}

  minimatch@10.2.4:
    resolution: {integrity: sha512-oRjTw/97aTBN0RHbYCdtF1MQfvusSIBQM0IZEgzl6426+8jSC0nF1a/GmnVLpfB9yyr6g6FTqWqiZVbxrtaCIg==}
    engines: {node: 18 || 20 || >=22}

  npmdata@0.10.3:
    resolution: {integrity: sha512-uICq0VW3asYY6YqBQY26jTbWn73hBlG5974ZRG/mn66N9edfNCF5DRx9vaBrmlk6Gk+pzWVVeNOFxshuPqtjRQ==}
    hasBin: true

  semver@7.7.4:
    resolution: {integrity: sha512-vFKC2IEtQnVhpT78h1Yp8wzwrf8CM+MzKMHGJZfBtzhZNycRFnXsHk6E5TxIkkMsgNS7mdX3AGB7x2QM2di4lA==}
    engines: {node: '>=10'}
    hasBin: true

  xdrs-core@file:../dist/xdrs-core-0.0.1.tgz:
    resolution: {integrity: sha512-n5EANJ3OEf7t828jCnkqiA+J03r+quX+g17pggcbkYcZOm8vX+t/GpA7SDlDaIZyuZ5VcrbkrpY7TlgQAoxGNw==, tarball: file:../dist/xdrs-core-0.0.1.tgz}
    version: 0.0.1
    hasBin: true

snapshots:

  balanced-match@4.0.4: {}

  brace-expansion@5.0.4:
    dependencies:
      balanced-match: 4.0.4

  ignore@7.0.5: {}

  minimatch@10.2.4:
    dependencies:
      brace-expansion: 5.0.4

  npmdata@0.10.3:
    dependencies:
      ignore: 7.0.5
      minimatch: 10.2.4
      semver: 7.7.4

  semver@7.7.4: {}

  xdrs-core@file:../dist/xdrs-core-0.0.1.tgz:
    dependencies:
      npmdata: 0.10.3
