lockfileVersion: '9.0'

settings:
  autoInstallPeers: true
  excludeLinksFromLockfile: false

importers:

  .:
    dependencies:
      filedist:
        specifier: ^0.33.0
        version: 0.33.0

packages:

  argparse@2.0.1:
    resolution: {integrity: sha512-8+9WqebbFzpX9OR+Wa6O29asIogeRMzcGtAINdpMHHyAg10f05aSFVBbcEqGf/PXw1EjAZ+q2/bEBg3DvurK3Q==}

  balanced-match@4.0.4:
    resolution: {integrity: sha512-BLrgEcRTwX2o6gGxGOCNyMvGSp35YofuYzw9h1IMTRmKqttAZZVU67bdb9Pr2vUHA8+j3i2tJfjO6C6+4myGTA==}
    engines: {node: 18 || 20 || >=22}

  brace-expansion@5.0.5:
    resolution: {integrity: sha512-VZznLgtwhn+Mact9tfiwx64fA9erHH/MCXEUfB/0bX/6Fz6ny5EGTXYltMocqg4xFAQZtnO3DHWWXi8RiuN7cQ==}
    engines: {node: 18 || 20 || >=22}

  filedist@0.33.0:
    resolution: {integrity: sha512-YHH2bpL1GR+goyUJrkQZkjojFtpHROdmFQraewMRVWUdgo1WlUBP76Wmqz73wfp8WdljUyTIl4yGsnukGCdq2Q==}
    hasBin: true

  ignore@7.0.5:
    resolution: {integrity: sha512-Hs59xBNfUIunMFgWAbGX5cq6893IbWg4KnrjbYwX3tx0ztorVgTDA6B2sxf8ejHJ4wz8BqGUMYlnzNBer5NvGg==}
    engines: {node: '>= 4'}

  js-yaml@4.1.1:
    resolution: {integrity: sha512-qQKT4zQxXl8lLwBtHMWwaTcGfFOZviOJet3Oy/xmGk2gZH677CJM9EvtfdSkgWcATZhj/55JZ0rmy3myCT5lsA==}
    hasBin: true

  minimatch@10.2.5:
    resolution: {integrity: sha512-MULkVLfKGYDFYejP07QOurDLLQpcjk7Fw+7jXS2R2czRQzR56yHRveU5NDJEOviH+hETZKSkIk5c+T23GjFUMg==}
    engines: {node: 18 || 20 || >=22}

  mypkg@1.0.0:
    resolution: {integrity: sha512-bUYxZK4prscFYS4f1NYXcZ+TJBjsx+BSdMA+7F3gXGdBRHCDBdVZS5vIlnEWzYuL2jeVNyJZWlFfTmLZMEOh8g==}

  package-manager-detector@1.6.0:
    resolution: {integrity: sha512-61A5ThoTiDG/C8s8UMZwSorAGwMJ0ERVGj2OjoW5pAalsNOg15+iQiPzrLJ4jhZ1HJzmC2PIHT2oEiH3R5fzNA==}

  semver@7.7.4:
    resolution: {integrity: sha512-vFKC2IEtQnVhpT78h1Yp8wzwrf8CM+MzKMHGJZfBtzhZNycRFnXsHk6E5TxIkkMsgNS7mdX3AGB7x2QM2di4lA==}
    engines: {node: '>=10'}
    hasBin: true

snapshots:

  argparse@2.0.1: {}

  balanced-match@4.0.4: {}

  brace-expansion@5.0.5:
    dependencies:
      balanced-match: 4.0.4

  filedist@0.33.0:
    dependencies:
      ignore: 7.0.5
      js-yaml: 4.1.1
      minimatch: 10.2.5
      mypkg: 1.0.0
      package-manager-detector: 1.6.0
      semver: 7.7.4

  ignore@7.0.5: {}

  js-yaml@4.1.1:
    dependencies:
      argparse: 2.0.1

  minimatch@10.2.5:
    dependencies:
      brace-expansion: 5.0.5

  mypkg@1.0.0: {}

  package-manager-detector@1.6.0: {}

  semver@7.7.4: {}
